
Microsoft Visual Studio Solution File, Format Version 12.00
Project("{FAE04EC0-301F-11D3-BF4B-00C04F79EFBC}") = "Troas.Customer.Api", "src/Troas.Customer.Api\Troas.Customer.Api.csproj", "{3953E826-3257-4A1E-99D9-8E42526739DF}"
EndProject
Project("{2150E333-8FDC-42A3-9474-1A3956D46DE8}") = "src", "src", "{1DAC77F5-9E32-4219-B892-FCA48F1FD7BB}"
EndProject
Project("{2150E333-8FDC-42A3-9474-1A3956D46DE8}") = "tests", "tests", "{8F833044-CDF0-4E79-91B0-BB40B341870F}"
EndProject
Project("{2150E333-8FDC-42A3-9474-1A3956D46DE8}") = "docs", "docs", "{8BABB8D7-27D8-410C-9A82-21097AEC6BD5}"
EndProject
Global
	GlobalSection(SolutionConfigurationPlatforms) = preSolution
		Debug|Any CPU = Debug|Any CPU
		Release|Any CPU = Release|Any CPU
	EndGlobalSection
	GlobalSection(ProjectConfigurationPlatforms) = postSolution
		{3953E826-3257-4A1E-99D9-8E42526739DF}.Debug|Any CPU.ActiveCfg = Debug|Any CPU
		{3953E826-3257-4A1E-99D9-8E42526739DF}.Debug|Any CPU.Build.0 = Debug|Any CPU
		{3953E826-3257-4A1E-99D9-8E42526739DF}.Release|Any CPU.ActiveCfg = Release|Any CPU
		{3953E826-3257-4A1E-99D9-8E42526739DF}.Release|Any CPU.Build.0 = Release|Any CPU
	EndGlobalSection
	GlobalSection(NestedProjects) = preSolution
		{3953E826-3257-4A1E-99D9-8E42526739DF} = {1DAC77F5-9E32-4219-B892-FCA48F1FD7BB}
	EndGlobalSection
EndGlobal
