
Microsoft Visual Studio Solution File, Format Version 12.00
Project("{FAE04EC0-301F-11D3-BF4B-00C04F79EFBC}") = "Troas.Customer.Api", "src/Troas.Customer.Api\Troas.Customer.Api.csproj", "{3953E826-3257-4A1E-99D9-8E42526739DF}"
EndProject
Project("{2150E333-8FDC-42A3-9474-1A3956D46DE8}") = "src", "src", "{1DAC77F5-9E32-4219-B892-FCA48F1FD7BB}"
EndProject
Project("{2150E333-8FDC-42A3-9474-1A3956D46DE8}") = "tests", "tests", "{8F833044-CDF0-4E79-91B0-BB40B341870F}"
EndProject
Project("{2150E333-8FDC-42A3-9474-1A3956D46DE8}") = "docs", "docs", "{8BABB8D7-27D8-410C-9A82-21097AEC6BD5}"
EndProject
Project("{FAE04EC0-301F-11D3-BF4B-00C04F79EFBC}") = "Troas.Customer.Domain", "src\Troas.Customer.Domain\Troas.Customer.Domain.csproj", "{2AFA0F58-F7FB-4F4C-B987-E5A5BE2EA00E}"
EndProject
Project("{FAE04EC0-301F-11D3-BF4B-00C04F79EFBC}") = "Troas.Customer.Infrastructure", "src\Troas.Customer.Infrastructure\Troas.Customer.Infrastructure.csproj", "{950199BD-F333-4754-B06E-7C2E4779E95D}"
EndProject
Project("{FAE04EC0-301F-11D3-BF4B-00C04F79EFBC}") = "Troas.Customer.Application", "src\Troas.Customer.Application\Troas.Customer.Application.csproj", "{D180E5D8-7262-4271-A48C-B8B957F94553}"
EndProject
Project("{FAE04EC0-301F-11D3-BF4B-00C04F79EFBC}") = "Troas.Customer.UnitTests", "tests\Troas.Customer.UnitTests\Troas.Customer.UnitTests.csproj", "{B410B071-D1A4-41D9-B779-34E50656450B}"
EndProject
Global
	GlobalSection(SolutionConfigurationPlatforms) = preSolution
		Debug|Any CPU = Debug|Any CPU
		Release|Any CPU = Release|Any CPU
	EndGlobalSection
	GlobalSection(ProjectConfigurationPlatforms) = postSolution
		{3953E826-3257-4A1E-99D9-8E42526739DF}.Debug|Any CPU.ActiveCfg = Debug|Any CPU
		{3953E826-3257-4A1E-99D9-8E42526739DF}.Debug|Any CPU.Build.0 = Debug|Any CPU
		{3953E826-3257-4A1E-99D9-8E42526739DF}.Release|Any CPU.ActiveCfg = Release|Any CPU
		{3953E826-3257-4A1E-99D9-8E42526739DF}.Release|Any CPU.Build.0 = Release|Any CPU
		{2AFA0F58-F7FB-4F4C-B987-E5A5BE2EA00E}.Debug|Any CPU.ActiveCfg = Debug|Any CPU
		{2AFA0F58-F7FB-4F4C-B987-E5A5BE2EA00E}.Debug|Any CPU.Build.0 = Debug|Any CPU
		{2AFA0F58-F7FB-4F4C-B987-E5A5BE2EA00E}.Release|Any CPU.ActiveCfg = Release|Any CPU
		{2AFA0F58-F7FB-4F4C-B987-E5A5BE2EA00E}.Release|Any CPU.Build.0 = Release|Any CPU
		{950199BD-F333-4754-B06E-7C2E4779E95D}.Debug|Any CPU.ActiveCfg = Debug|Any CPU
		{950199BD-F333-4754-B06E-7C2E4779E95D}.Debug|Any CPU.Build.0 = Debug|Any CPU
		{950199BD-F333-4754-B06E-7C2E4779E95D}.Release|Any CPU.ActiveCfg = Release|Any CPU
		{950199BD-F333-4754-B06E-7C2E4779E95D}.Release|Any CPU.Build.0 = Release|Any CPU
		{D180E5D8-7262-4271-A48C-B8B957F94553}.Debug|Any CPU.ActiveCfg = Debug|Any CPU
		{D180E5D8-7262-4271-A48C-B8B957F94553}.Debug|Any CPU.Build.0 = Debug|Any CPU
		{D180E5D8-7262-4271-A48C-B8B957F94553}.Release|Any CPU.ActiveCfg = Release|Any CPU
		{D180E5D8-7262-4271-A48C-B8B957F94553}.Release|Any CPU.Build.0 = Release|Any CPU
		{B410B071-D1A4-41D9-B779-34E50656450B}.Debug|Any CPU.ActiveCfg = Debug|Any CPU
		{B410B071-D1A4-41D9-B779-34E50656450B}.Debug|Any CPU.Build.0 = Debug|Any CPU
		{B410B071-D1A4-41D9-B779-34E50656450B}.Release|Any CPU.ActiveCfg = Release|Any CPU
		{B410B071-D1A4-41D9-B779-34E50656450B}.Release|Any CPU.Build.0 = Release|Any CPU
	EndGlobalSection
	GlobalSection(NestedProjects) = preSolution
		{3953E826-3257-4A1E-99D9-8E42526739DF} = {1DAC77F5-9E32-4219-B892-FCA48F1FD7BB}
		{2AFA0F58-F7FB-4F4C-B987-E5A5BE2EA00E} = {1DAC77F5-9E32-4219-B892-FCA48F1FD7BB}
		{950199BD-F333-4754-B06E-7C2E4779E95D} = {1DAC77F5-9E32-4219-B892-FCA48F1FD7BB}
		{D180E5D8-7262-4271-A48C-B8B957F94553} = {1DAC77F5-9E32-4219-B892-FCA48F1FD7BB}
		{B410B071-D1A4-41D9-B779-34E50656450B} = {8F833044-CDF0-4E79-91B0-BB40B341870F}
	EndGlobalSection
EndGlobal
